
Microsoft Visual Studio Solution File, Format Version 12.00
# Visual Studio 2012
Project("{8BC9CEB8-8B4A-11D0-8D11-00A0C91BC942}") = "OwlGame", "OwlGame\OwlGame.vcxproj", "{F26ECB79-43C5-4103-B4A8-8EA1076843F0}"
EndProject
Project("{8BC9CEB8-8B4A-11D0-8D11-00A0C91BC942}") = "7zlib", "..\3rd\7zlib\7zlib.vcxproj", "{D1E64CBA-3701-4164-84AD-D26EDE2CDE97}"
EndProject
Project("{8BC9CEB8-8B4A-11D0-8D11-00A0C91BC942}") = "ZLib", "..\3rd\ZLib\ZLib.vcxproj", "{BAE18598-7241-469B-AC9B-A4C1323DAD85}"
EndProject
Project("{2150E333-8FDC-42A3-9474-1A3956D46DE8}") = "3rd", "3rd", "{3CF49013-3F64-4BA5-B82B-063CCDC89EDA}"
EndProject
Project("{8BC9CEB8-8B4A-11D0-8D11-00A0C91BC942}") = "libcurl", "..\3rd\curl\projects\Windows\VC11\lib\libcurl.vcxproj", "{DA6F56B4-06A4-441D-AD70-AC5A7D51FADB}"
EndProject
Project("{8BC9CEB8-8B4A-11D0-8D11-00A0C91BC942}") = "lualib", "..\3rd\lualib\lualib.vcxproj", "{F25447CC-3057-4D5B-8562-2008A9A2BBE9}"
EndProject
Global
	GlobalSection(SolutionConfigurationPlatforms) = preSolution
		Debug|Win32 = Debug|Win32
		Debug|x64 = Debug|x64
		DLL Debug - DLL OpenSSL - DLL LibSSH2|Win32 = DLL Debug - DLL OpenSSL - DLL LibSSH2|Win32
		DLL Debug - DLL OpenSSL - DLL LibSSH2|x64 = DLL Debug - DLL OpenSSL - DLL LibSSH2|x64
		DLL Debug - DLL OpenSSL|Win32 = DLL Debug - DLL OpenSSL|Win32
		DLL Debug - DLL OpenSSL|x64 = DLL Debug - DLL OpenSSL|x64
		DLL Debug - DLL Windows SSPI - DLL WinIDN|Win32 = DLL Debug - DLL Windows SSPI - DLL WinIDN|Win32
		DLL Debug - DLL Windows SSPI - DLL WinIDN|x64 = DLL Debug - DLL Windows SSPI - DLL WinIDN|x64
		DLL Debug - DLL Windows SSPI|Win32 = DLL Debug - DLL Windows SSPI|Win32
		DLL Debug - DLL Windows SSPI|x64 = DLL Debug - DLL Windows SSPI|x64
		DLL Debug|Win32 = DLL Debug|Win32
		DLL Debug|x64 = DLL Debug|x64
		DLL Release - DLL OpenSSL - DLL LibSSH2|Win32 = DLL Release - DLL OpenSSL - DLL LibSSH2|Win32
		DLL Release - DLL OpenSSL - DLL LibSSH2|x64 = DLL Release - DLL OpenSSL - DLL LibSSH2|x64
		DLL Release - DLL OpenSSL|Win32 = DLL Release - DLL OpenSSL|Win32
		DLL Release - DLL OpenSSL|x64 = DLL Release - DLL OpenSSL|x64
		DLL Release - DLL Windows SSPI - DLL WinIDN|Win32 = DLL Release - DLL Windows SSPI - DLL WinIDN|Win32
		DLL Release - DLL Windows SSPI - DLL WinIDN|x64 = DLL Release - DLL Windows SSPI - DLL WinIDN|x64
		DLL Release - DLL Windows SSPI|Win32 = DLL Release - DLL Windows SSPI|Win32
		DLL Release - DLL Windows SSPI|x64 = DLL Release - DLL Windows SSPI|x64
		DLL Release|Win32 = DLL Release|Win32
		DLL Release|x64 = DLL Release|x64
		LIB Debug - DLL OpenSSL - DLL LibSSH2|Win32 = LIB Debug - DLL OpenSSL - DLL LibSSH2|Win32
		LIB Debug - DLL OpenSSL - DLL LibSSH2|x64 = LIB Debug - DLL OpenSSL - DLL LibSSH2|x64
		LIB Debug - DLL OpenSSL|Win32 = LIB Debug - DLL OpenSSL|Win32
		LIB Debug - DLL OpenSSL|x64 = LIB Debug - DLL OpenSSL|x64
		LIB Debug - DLL Windows SSPI - DLL WinIDN|Win32 = LIB Debug - DLL Windows SSPI - DLL WinIDN|Win32
		LIB Debug - DLL Windows SSPI - DLL WinIDN|x64 = LIB Debug - DLL Windows SSPI - DLL WinIDN|x64
		LIB Debug - DLL Windows SSPI|Win32 = LIB Debug - DLL Windows SSPI|Win32
		LIB Debug - DLL Windows SSPI|x64 = LIB Debug - DLL Windows SSPI|x64
		LIB Debug - LIB OpenSSL - LIB LibSSH2|Win32 = LIB Debug - LIB OpenSSL - LIB LibSSH2|Win32
		LIB Debug - LIB OpenSSL - LIB LibSSH2|x64 = LIB Debug - LIB OpenSSL - LIB LibSSH2|x64
		LIB Debug - LIB OpenSSL|Win32 = LIB Debug - LIB OpenSSL|Win32
		LIB Debug - LIB OpenSSL|x64 = LIB Debug - LIB OpenSSL|x64
		LIB Debug|Win32 = LIB Debug|Win32
		LIB Debug|x64 = LIB Debug|x64
		LIB Release - DLL OpenSSL - DLL LibSSH2|Win32 = LIB Release - DLL OpenSSL - DLL LibSSH2|Win32
		LIB Release - DLL OpenSSL - DLL LibSSH2|x64 = LIB Release - DLL OpenSSL - DLL LibSSH2|x64
		LIB Release - DLL OpenSSL|Win32 = LIB Release - DLL OpenSSL|Win32
		LIB Release - DLL OpenSSL|x64 = LIB Release - DLL OpenSSL|x64
		LIB Release - DLL Windows SSPI - DLL WinIDN|Win32 = LIB Release - DLL Windows SSPI - DLL WinIDN|Win32
		LIB Release - DLL Windows SSPI - DLL WinIDN|x64 = LIB Release - DLL Windows SSPI - DLL WinIDN|x64
		LIB Release - DLL Windows SSPI|Win32 = LIB Release - DLL Windows SSPI|Win32
		LIB Release - DLL Windows SSPI|x64 = LIB Release - DLL Windows SSPI|x64
		LIB Release - LIB OpenSSL - LIB LibSSH2|Win32 = LIB Release - LIB OpenSSL - LIB LibSSH2|Win32
		LIB Release - LIB OpenSSL - LIB LibSSH2|x64 = LIB Release - LIB OpenSSL - LIB LibSSH2|x64
		LIB Release - LIB OpenSSL|Win32 = LIB Release - LIB OpenSSL|Win32
		LIB Release - LIB OpenSSL|x64 = LIB Release - LIB OpenSSL|x64
		LIB Release|Win32 = LIB Release|Win32
		LIB Release|x64 = LIB Release|x64
		Release|Win32 = Release|Win32
		Release|x64 = Release|x64
	EndGlobalSection
	GlobalSection(ProjectConfigurationPlatforms) = postSolution
		{F26ECB79-43C5-4103-B4A8-8EA1076843F0}.Debug|Win32.ActiveCfg = Debug|Win32
		{F26ECB79-43C5-4103-B4A8-8EA1076843F0}.Debug|Win32.Build.0 = Debug|Win32
		{F26ECB79-43C5-4103-B4A8-8EA1076843F0}.Debug|x64.ActiveCfg = Debug|Win32
		{F26ECB79-43C5-4103-B4A8-8EA1076843F0}.DLL Debug - DLL OpenSSL - DLL LibSSH2|Win32.ActiveCfg = Debug|Win32
		{F26ECB79-43C5-4103-B4A8-8EA1076843F0}.DLL Debug - DLL OpenSSL - DLL LibSSH2|Win32.Build.0 = Debug|Win32
		{F26ECB79-43C5-4103-B4A8-8EA1076843F0}.DLL Debug - DLL OpenSSL - DLL LibSSH2|x64.ActiveCfg = Debug|Win32
		{F26ECB79-43C5-4103-B4A8-8EA1076843F0}.DLL Debug - DLL OpenSSL|Win32.ActiveCfg = Debug|Win32
		{F26ECB79-43C5-4103-B4A8-8EA1076843F0}.DLL Debug - DLL OpenSSL|Win32.Build.0 = Debug|Win32
		{F26ECB79-43C5-4103-B4A8-8EA1076843F0}.DLL Debug - DLL OpenSSL|x64.ActiveCfg = Debug|Win32
		{F26ECB79-43C5-4103-B4A8-8EA1076843F0}.DLL Debug - DLL Windows SSPI - DLL WinIDN|Win32.ActiveCfg = Debug|Win32
		{F26ECB79-43C5-4103-B4A8-8EA1076843F0}.DLL Debug - DLL Windows SSPI - DLL WinIDN|Win32.Build.0 = Debug|Win32
		{F26ECB79-43C5-4103-B4A8-8EA1076843F0}.DLL Debug - DLL Windows SSPI - DLL WinIDN|x64.ActiveCfg = Debug|Win32
		{F26ECB79-43C5-4103-B4A8-8EA1076843F0}.DLL Debug - DLL Windows SSPI|Win32.ActiveCfg = Debug|Win32
		{F26ECB79-43C5-4103-B4A8-8EA1076843F0}.DLL Debug - DLL Windows SSPI|Win32.Build.0 = Debug|Win32
		{F26ECB79-43C5-4103-B4A8-8EA1076843F0}.DLL Debug - DLL Windows SSPI|x64.ActiveCfg = Debug|Win32
		{F26ECB79-43C5-4103-B4A8-8EA1076843F0}.DLL Debug|Win32.ActiveCfg = Debug|Win32
		{F26ECB79-43C5-4103-B4A8-8EA1076843F0}.DLL Debug|Win32.Build.0 = Debug|Win32
		{F26ECB79-43C5-4103-B4A8-8EA1076843F0}.DLL Debug|x64.ActiveCfg = Debug|Win32
		{F26ECB79-43C5-4103-B4A8-8EA1076843F0}.DLL Release - DLL OpenSSL - DLL LibSSH2|Win32.ActiveCfg = Release|Win32
		{F26ECB79-43C5-4103-B4A8-8EA1076843F0}.DLL Release - DLL OpenSSL - DLL LibSSH2|Win32.Build.0 = Release|Win32
		{F26ECB79-43C5-4103-B4A8-8EA1076843F0}.DLL Release - DLL OpenSSL - DLL LibSSH2|x64.ActiveCfg = Release|Win32
		{F26ECB79-43C5-4103-B4A8-8EA1076843F0}.DLL Release - DLL OpenSSL|Win32.ActiveCfg = Release|Win32
		{F26ECB79-43C5-4103-B4A8-8EA1076843F0}.DLL Release - DLL OpenSSL|Win32.Build.0 = Release|Win32
		{F26ECB79-43C5-4103-B4A8-8EA1076843F0}.DLL Release - DLL OpenSSL|x64.ActiveCfg = Release|Win32
		{F26ECB79-43C5-4103-B4A8-8EA1076843F0}.DLL Release - DLL Windows SSPI - DLL WinIDN|Win32.ActiveCfg = Release|Win32
		{F26ECB79-43C5-4103-B4A8-8EA1076843F0}.DLL Release - DLL Windows SSPI - DLL WinIDN|Win32.Build.0 = Release|Win32
		{F26ECB79-43C5-4103-B4A8-8EA1076843F0}.DLL Release - DLL Windows SSPI - DLL WinIDN|x64.ActiveCfg = Release|Win32
		{F26ECB79-43C5-4103-B4A8-8EA1076843F0}.DLL Release - DLL Windows SSPI|Win32.ActiveCfg = Release|Win32
		{F26ECB79-43C5-4103-B4A8-8EA1076843F0}.DLL Release - DLL Windows SSPI|Win32.Build.0 = Release|Win32
		{F26ECB79-43C5-4103-B4A8-8EA1076843F0}.DLL Release - DLL Windows SSPI|x64.ActiveCfg = Release|Win32
		{F26ECB79-43C5-4103-B4A8-8EA1076843F0}.DLL Release|Win32.ActiveCfg = Release|Win32
		{F26ECB79-43C5-4103-B4A8-8EA1076843F0}.DLL Release|Win32.Build.0 = Release|Win32
		{F26ECB79-43C5-4103-B4A8-8EA1076843F0}.DLL Release|x64.ActiveCfg = Release|Win32
		{F26ECB79-43C5-4103-B4A8-8EA1076843F0}.LIB Debug - DLL OpenSSL - DLL LibSSH2|Win32.ActiveCfg = Debug|Win32
		{F26ECB79-43C5-4103-B4A8-8EA1076843F0}.LIB Debug - DLL OpenSSL - DLL LibSSH2|Win32.Build.0 = Debug|Win32
		{F26ECB79-43C5-4103-B4A8-8EA1076843F0}.LIB Debug - DLL OpenSSL - DLL LibSSH2|x64.ActiveCfg = Debug|Win32
		{F26ECB79-43C5-4103-B4A8-8EA1076843F0}.LIB Debug - DLL OpenSSL|Win32.ActiveCfg = Debug|Win32
		{F26ECB79-43C5-4103-B4A8-8EA1076843F0}.LIB Debug - DLL OpenSSL|Win32.Build.0 = Debug|Win32
		{F26ECB79-43C5-4103-B4A8-8EA1076843F0}.LIB Debug - DLL OpenSSL|x64.ActiveCfg = Debug|Win32
		{F26ECB79-43C5-4103-B4A8-8EA1076843F0}.LIB Debug - DLL Windows SSPI - DLL WinIDN|Win32.ActiveCfg = Debug|Win32
		{F26ECB79-43C5-4103-B4A8-8EA1076843F0}.LIB Debug - DLL Windows SSPI - DLL WinIDN|Win32.Build.0 = Debug|Win32
		{F26ECB79-43C5-4103-B4A8-8EA1076843F0}.LIB Debug - DLL Windows SSPI - DLL WinIDN|x64.ActiveCfg = Debug|Win32
		{F26ECB79-43C5-4103-B4A8-8EA1076843F0}.LIB Debug - DLL Windows SSPI|Win32.ActiveCfg = Debug|Win32
		{F26ECB79-43C5-4103-B4A8-8EA1076843F0}.LIB Debug - DLL Windows SSPI|Win32.Build.0 = Debug|Win32
		{F26ECB79-43C5-4103-B4A8-8EA1076843F0}.LIB Debug - DLL Windows SSPI|x64.ActiveCfg = Debug|Win32
		{F26ECB79-43C5-4103-B4A8-8EA1076843F0}.LIB Debug - LIB OpenSSL - LIB LibSSH2|Win32.ActiveCfg = Debug|Win32
		{F26ECB79-43C5-4103-B4A8-8EA1076843F0}.LIB Debug - LIB OpenSSL - LIB LibSSH2|Win32.Build.0 = Debug|Win32
		{F26ECB79-43C5-4103-B4A8-8EA1076843F0}.LIB Debug - LIB OpenSSL - LIB LibSSH2|x64.ActiveCfg = Debug|Win32
		{F26ECB79-43C5-4103-B4A8-8EA1076843F0}.LIB Debug - LIB OpenSSL|Win32.ActiveCfg = Debug|Win32
		{F26ECB79-43C5-4103-B4A8-8EA1076843F0}.LIB Debug - LIB OpenSSL|Win32.Build.0 = Debug|Win32
		{F26ECB79-43C5-4103-B4A8-8EA1076843F0}.LIB Debug - LIB OpenSSL|x64.ActiveCfg = Debug|Win32
		{F26ECB79-43C5-4103-B4A8-8EA1076843F0}.LIB Debug|Win32.ActiveCfg = Debug|Win32
		{F26ECB79-43C5-4103-B4A8-8EA1076843F0}.LIB Debug|Win32.Build.0 = Debug|Win32
		{F26ECB79-43C5-4103-B4A8-8EA1076843F0}.LIB Debug|x64.ActiveCfg = Debug|Win32
		{F26ECB79-43C5-4103-B4A8-8EA1076843F0}.LIB Release - DLL OpenSSL - DLL LibSSH2|Win32.ActiveCfg = Release|Win32
		{F26ECB79-43C5-4103-B4A8-8EA1076843F0}.LIB Release - DLL OpenSSL - DLL LibSSH2|Win32.Build.0 = Release|Win32
		{F26ECB79-43C5-4103-B4A8-8EA1076843F0}.LIB Release - DLL OpenSSL - DLL LibSSH2|x64.ActiveCfg = Release|Win32
		{F26ECB79-43C5-4103-B4A8-8EA1076843F0}.LIB Release - DLL OpenSSL|Win32.ActiveCfg = Release|Win32
		{F26ECB79-43C5-4103-B4A8-8EA1076843F0}.LIB Release - DLL OpenSSL|Win32.Build.0 = Release|Win32
		{F26ECB79-43C5-4103-B4A8-8EA1076843F0}.LIB Release - DLL OpenSSL|x64.ActiveCfg = Release|Win32
		{F26ECB79-43C5-4103-B4A8-8EA1076843F0}.LIB Release - DLL Windows SSPI - DLL WinIDN|Win32.ActiveCfg = Release|Win32
		{F26ECB79-43C5-4103-B4A8-8EA1076843F0}.LIB Release - DLL Windows SSPI - DLL WinIDN|Win32.Build.0 = Release|Win32
		{F26ECB79-43C5-4103-B4A8-8EA1076843F0}.LIB Release - DLL Windows SSPI - DLL WinIDN|x64.ActiveCfg = Release|Win32
		{F26ECB79-43C5-4103-B4A8-8EA1076843F0}.LIB Release - DLL Windows SSPI|Win32.ActiveCfg = Release|Win32
		{F26ECB79-43C5-4103-B4A8-8EA1076843F0}.LIB Release - DLL Windows SSPI|Win32.Build.0 = Release|Win32
		{F26ECB79-43C5-4103-B4A8-8EA1076843F0}.LIB Release - DLL Windows SSPI|x64.ActiveCfg = Release|Win32
		{F26ECB79-43C5-4103-B4A8-8EA1076843F0}.LIB Release - LIB OpenSSL - LIB LibSSH2|Win32.ActiveCfg = Release|Win32
		{F26ECB79-43C5-4103-B4A8-8EA1076843F0}.LIB Release - LIB OpenSSL - LIB LibSSH2|Win32.Build.0 = Release|Win32
		{F26ECB79-43C5-4103-B4A8-8EA1076843F0}.LIB Release - LIB OpenSSL - LIB LibSSH2|x64.ActiveCfg = Release|Win32
		{F26ECB79-43C5-4103-B4A8-8EA1076843F0}.LIB Release - LIB OpenSSL|Win32.ActiveCfg = Release|Win32
		{F26ECB79-43C5-4103-B4A8-8EA1076843F0}.LIB Release - LIB OpenSSL|Win32.Build.0 = Release|Win32
		{F26ECB79-43C5-4103-B4A8-8EA1076843F0}.LIB Release - LIB OpenSSL|x64.ActiveCfg = Release|Win32
		{F26ECB79-43C5-4103-B4A8-8EA1076843F0}.LIB Release|Win32.ActiveCfg = Release|Win32
		{F26ECB79-43C5-4103-B4A8-8EA1076843F0}.LIB Release|Win32.Build.0 = Release|Win32
		{F26ECB79-43C5-4103-B4A8-8EA1076843F0}.LIB Release|x64.ActiveCfg = Release|Win32
		{F26ECB79-43C5-4103-B4A8-8EA1076843F0}.Release|Win32.ActiveCfg = Release|Win32
		{F26ECB79-43C5-4103-B4A8-8EA1076843F0}.Release|Win32.Build.0 = Release|Win32
		{F26ECB79-43C5-4103-B4A8-8EA1076843F0}.Release|x64.ActiveCfg = Release|Win32
		{D1E64CBA-3701-4164-84AD-D26EDE2CDE97}.Debug|Win32.ActiveCfg = Debug|Win32
		{D1E64CBA-3701-4164-84AD-D26EDE2CDE97}.Debug|Win32.Build.0 = Debug|Win32
		{D1E64CBA-3701-4164-84AD-D26EDE2CDE97}.Debug|x64.ActiveCfg = Debug|Win32
		{D1E64CBA-3701-4164-84AD-D26EDE2CDE97}.DLL Debug - DLL OpenSSL - DLL LibSSH2|Win32.ActiveCfg = Debug|Win32
		{D1E64CBA-3701-4164-84AD-D26EDE2CDE97}.DLL Debug - DLL OpenSSL - DLL LibSSH2|Win32.Build.0 = Debug|Win32
		{D1E64CBA-3701-4164-84AD-D26EDE2CDE97}.DLL Debug - DLL OpenSSL - DLL LibSSH2|x64.ActiveCfg = Debug|Win32
		{D1E64CBA-3701-4164-84AD-D26EDE2CDE97}.DLL Debug - DLL OpenSSL|Win32.ActiveCfg = Debug|Win32
		{D1E64CBA-3701-4164-84AD-D26EDE2CDE97}.DLL Debug - DLL OpenSSL|Win32.Build.0 = Debug|Win32
		{D1E64CBA-3701-4164-84AD-D26EDE2CDE97}.DLL Debug - DLL OpenSSL|x64.ActiveCfg = Debug|Win32
		{D1E64CBA-3701-4164-84AD-D26EDE2CDE97}.DLL Debug - DLL Windows SSPI - DLL WinIDN|Win32.ActiveCfg = Debug|Win32
		{D1E64CBA-3701-4164-84AD-D26EDE2CDE97}.DLL Debug - DLL Windows SSPI - DLL WinIDN|Win32.Build.0 = Debug|Win32
		{D1E64CBA-3701-4164-84AD-D26EDE2CDE97}.DLL Debug - DLL Windows SSPI - DLL WinIDN|x64.ActiveCfg = Debug|Win32
		{D1E64CBA-3701-4164-84AD-D26EDE2CDE97}.DLL Debug - DLL Windows SSPI|Win32.ActiveCfg = Debug|Win32
		{D1E64CBA-3701-4164-84AD-D26EDE2CDE97}.DLL Debug - DLL Windows SSPI|Win32.Build.0 = Debug|Win32
		{D1E64CBA-3701-4164-84AD-D26EDE2CDE97}.DLL Debug - DLL Windows SSPI|x64.ActiveCfg = Debug|Win32
		{D1E64CBA-3701-4164-84AD-D26EDE2CDE97}.DLL Debug|Win32.ActiveCfg = Debug|Win32
		{D1E64CBA-3701-4164-84AD-D26EDE2CDE97}.DLL Debug|Win32.Build.0 = Debug|Win32
		{D1E64CBA-3701-4164-84AD-D26EDE2CDE97}.DLL Debug|x64.ActiveCfg = Debug|Win32
		{D1E64CBA-3701-4164-84AD-D26EDE2CDE97}.DLL Release - DLL OpenSSL - DLL LibSSH2|Win32.ActiveCfg = Release|Win32
		{D1E64CBA-3701-4164-84AD-D26EDE2CDE97}.DLL Release - DLL OpenSSL - DLL LibSSH2|Win32.Build.0 = Release|Win32
		{D1E64CBA-3701-4164-84AD-D26EDE2CDE97}.DLL Release - DLL OpenSSL - DLL LibSSH2|x64.ActiveCfg = Release|Win32
		{D1E64CBA-3701-4164-84AD-D26EDE2CDE97}.DLL Release - DLL OpenSSL|Win32.ActiveCfg = Release|Win32
		{D1E64CBA-3701-4164-84AD-D26EDE2CDE97}.DLL Release - DLL OpenSSL|Win32.Build.0 = Release|Win32
		{D1E64CBA-3701-4164-84AD-D26EDE2CDE97}.DLL Release - DLL OpenSSL|x64.ActiveCfg = Release|Win32
		{D1E64CBA-3701-4164-84AD-D26EDE2CDE97}.DLL Release - DLL Windows SSPI - DLL WinIDN|Win32.ActiveCfg = Release|Win32
		{D1E64CBA-3701-4164-84AD-D26EDE2CDE97}.DLL Release - DLL Windows SSPI - DLL WinIDN|Win32.Build.0 = Release|Win32
		{D1E64CBA-3701-4164-84AD-D26EDE2CDE97}.DLL Release - DLL Windows SSPI - DLL WinIDN|x64.ActiveCfg = Release|Win32
		{D1E64CBA-3701-4164-84AD-D26EDE2CDE97}.DLL Release - DLL Windows SSPI|Win32.ActiveCfg = Release|Win32
		{D1E64CBA-3701-4164-84AD-D26EDE2CDE97}.DLL Release - DLL Windows SSPI|Win32.Build.0 = Release|Win32
		{D1E64CBA-3701-4164-84AD-D26EDE2CDE97}.DLL Release - DLL Windows SSPI|x64.ActiveCfg = Release|Win32
		{D1E64CBA-3701-4164-84AD-D26EDE2CDE97}.DLL Release|Win32.ActiveCfg = Release|Win32
		{D1E64CBA-3701-4164-84AD-D26EDE2CDE97}.DLL Release|Win32.Build.0 = Release|Win32
		{D1E64CBA-3701-4164-84AD-D26EDE2CDE97}.DLL Release|x64.ActiveCfg = Release|Win32
		{D1E64CBA-3701-4164-84AD-D26EDE2CDE97}.LIB Debug - DLL OpenSSL - DLL LibSSH2|Win32.ActiveCfg = Debug|Win32
		{D1E64CBA-3701-4164-84AD-D26EDE2CDE97}.LIB Debug - DLL OpenSSL - DLL LibSSH2|Win32.Build.0 = Debug|Win32
		{D1E64CBA-3701-4164-84AD-D26EDE2CDE97}.LIB Debug - DLL OpenSSL - DLL LibSSH2|x64.ActiveCfg = Debug|Win32
		{D1E64CBA-3701-4164-84AD-D26EDE2CDE97}.LIB Debug - DLL OpenSSL|Win32.ActiveCfg = Debug|Win32
		{D1E64CBA-3701-4164-84AD-D26EDE2CDE97}.LIB Debug - DLL OpenSSL|Win32.Build.0 = Debug|Win32
		{D1E64CBA-3701-4164-84AD-D26EDE2CDE97}.LIB Debug - DLL OpenSSL|x64.ActiveCfg = Debug|Win32
		{D1E64CBA-3701-4164-84AD-D26EDE2CDE97}.LIB Debug - DLL Windows SSPI - DLL WinIDN|Win32.ActiveCfg = Debug|Win32
		{D1E64CBA-3701-4164-84AD-D26EDE2CDE97}.LIB Debug - DLL Windows SSPI - DLL WinIDN|Win32.Build.0 = Debug|Win32
		{D1E64CBA-3701-4164-84AD-D26EDE2CDE97}.LIB Debug - DLL Windows SSPI - DLL WinIDN|x64.ActiveCfg = Debug|Win32
		{D1E64CBA-3701-4164-84AD-D26EDE2CDE97}.LIB Debug - DLL Windows SSPI|Win32.ActiveCfg = Debug|Win32
		{D1E64CBA-3701-4164-84AD-D26EDE2CDE97}.LIB Debug - DLL Windows SSPI|Win32.Build.0 = Debug|Win32
		{D1E64CBA-3701-4164-84AD-D26EDE2CDE97}.LIB Debug - DLL Windows SSPI|x64.ActiveCfg = Debug|Win32
		{D1E64CBA-3701-4164-84AD-D26EDE2CDE97}.LIB Debug - LIB OpenSSL - LIB LibSSH2|Win32.ActiveCfg = Debug|Win32
		{D1E64CBA-3701-4164-84AD-D26EDE2CDE97}.LIB Debug - LIB OpenSSL - LIB LibSSH2|Win32.Build.0 = Debug|Win32
		{D1E64CBA-3701-4164-84AD-D26EDE2CDE97}.LIB Debug - LIB OpenSSL - LIB LibSSH2|x64.ActiveCfg = Debug|Win32
		{D1E64CBA-3701-4164-84AD-D26EDE2CDE97}.LIB Debug - LIB OpenSSL|Win32.ActiveCfg = Debug|Win32
		{D1E64CBA-3701-4164-84AD-D26EDE2CDE97}.LIB Debug - LIB OpenSSL|Win32.Build.0 = Debug|Win32
		{D1E64CBA-3701-4164-84AD-D26EDE2CDE97}.LIB Debug - LIB OpenSSL|x64.ActiveCfg = Debug|Win32
		{D1E64CBA-3701-4164-84AD-D26EDE2CDE97}.LIB Debug|Win32.ActiveCfg = Debug|Win32
		{D1E64CBA-3701-4164-84AD-D26EDE2CDE97}.LIB Debug|Win32.Build.0 = Debug|Win32
		{D1E64CBA-3701-4164-84AD-D26EDE2CDE97}.LIB Debug|x64.ActiveCfg = Debug|Win32
		{D1E64CBA-3701-4164-84AD-D26EDE2CDE97}.LIB Release - DLL OpenSSL - DLL LibSSH2|Win32.ActiveCfg = Release|Win32
		{D1E64CBA-3701-4164-84AD-D26EDE2CDE97}.LIB Release - DLL OpenSSL - DLL LibSSH2|Win32.Build.0 = Release|Win32
		{D1E64CBA-3701-4164-84AD-D26EDE2CDE97}.LIB Release - DLL OpenSSL - DLL LibSSH2|x64.ActiveCfg = Release|Win32
		{D1E64CBA-3701-4164-84AD-D26EDE2CDE97}.LIB Release - DLL OpenSSL|Win32.ActiveCfg = Release|Win32
		{D1E64CBA-3701-4164-84AD-D26EDE2CDE97}.LIB Release - DLL OpenSSL|Win32.Build.0 = Release|Win32
		{D1E64CBA-3701-4164-84AD-D26EDE2CDE97}.LIB Release - DLL OpenSSL|x64.ActiveCfg = Release|Win32
		{D1E64CBA-3701-4164-84AD-D26EDE2CDE97}.LIB Release - DLL Windows SSPI - DLL WinIDN|Win32.ActiveCfg = Release|Win32
		{D1E64CBA-3701-4164-84AD-D26EDE2CDE97}.LIB Release - DLL Windows SSPI - DLL WinIDN|Win32.Build.0 = Release|Win32
		{D1E64CBA-3701-4164-84AD-D26EDE2CDE97}.LIB Release - DLL Windows SSPI - DLL WinIDN|x64.ActiveCfg = Release|Win32
		{D1E64CBA-3701-4164-84AD-D26EDE2CDE97}.LIB Release - DLL Windows SSPI|Win32.ActiveCfg = Release|Win32
		{D1E64CBA-3701-4164-84AD-D26EDE2CDE97}.LIB Release - DLL Windows SSPI|Win32.Build.0 = Release|Win32
		{D1E64CBA-3701-4164-84AD-D26EDE2CDE97}.LIB Release - DLL Windows SSPI|x64.ActiveCfg = Release|Win32
		{D1E64CBA-3701-4164-84AD-D26EDE2CDE97}.LIB Release - LIB OpenSSL - LIB LibSSH2|Win32.ActiveCfg = Release|Win32
		{D1E64CBA-3701-4164-84AD-D26EDE2CDE97}.LIB Release - LIB OpenSSL - LIB LibSSH2|Win32.Build.0 = Release|Win32
		{D1E64CBA-3701-4164-84AD-D26EDE2CDE97}.LIB Release - LIB OpenSSL - LIB LibSSH2|x64.ActiveCfg = Release|Win32
		{D1E64CBA-3701-4164-84AD-D26EDE2CDE97}.LIB Release - LIB OpenSSL|Win32.ActiveCfg = Release|Win32
		{D1E64CBA-3701-4164-84AD-D26EDE2CDE97}.LIB Release - LIB OpenSSL|Win32.Build.0 = Release|Win32
		{D1E64CBA-3701-4164-84AD-D26EDE2CDE97}.LIB Release - LIB OpenSSL|x64.ActiveCfg = Release|Win32
		{D1E64CBA-3701-4164-84AD-D26EDE2CDE97}.LIB Release|Win32.ActiveCfg = Release|Win32
		{D1E64CBA-3701-4164-84AD-D26EDE2CDE97}.LIB Release|Win32.Build.0 = Release|Win32
		{D1E64CBA-3701-4164-84AD-D26EDE2CDE97}.LIB Release|x64.ActiveCfg = Release|Win32
		{D1E64CBA-3701-4164-84AD-D26EDE2CDE97}.Release|Win32.ActiveCfg = Release|Win32
		{D1E64CBA-3701-4164-84AD-D26EDE2CDE97}.Release|Win32.Build.0 = Release|Win32
		{D1E64CBA-3701-4164-84AD-D26EDE2CDE97}.Release|x64.ActiveCfg = Release|Win32
		{BAE18598-7241-469B-AC9B-A4C1323DAD85}.Debug|Win32.ActiveCfg = Debug|Win32
		{BAE18598-7241-469B-AC9B-A4C1323DAD85}.Debug|Win32.Build.0 = Debug|Win32
		{BAE18598-7241-469B-AC9B-A4C1323DAD85}.Debug|x64.ActiveCfg = Debug|Win32
		{BAE18598-7241-469B-AC9B-A4C1323DAD85}.DLL Debug - DLL OpenSSL - DLL LibSSH2|Win32.ActiveCfg = Debug|Win32
		{BAE18598-7241-469B-AC9B-A4C1323DAD85}.DLL Debug - DLL OpenSSL - DLL LibSSH2|Win32.Build.0 = Debug|Win32
		{BAE18598-7241-469B-AC9B-A4C1323DAD85}.DLL Debug - DLL OpenSSL - DLL LibSSH2|x64.ActiveCfg = Debug|Win32
		{BAE18598-7241-469B-AC9B-A4C1323DAD85}.DLL Debug - DLL OpenSSL|Win32.ActiveCfg = Debug|Win32
		{BAE18598-7241-469B-AC9B-A4C1323DAD85}.DLL Debug - DLL OpenSSL|Win32.Build.0 = Debug|Win32
		{BAE18598-7241-469B-AC9B-A4C1323DAD85}.DLL Debug - DLL OpenSSL|x64.ActiveCfg = Debug|Win32
		{BAE18598-7241-469B-AC9B-A4C1323DAD85}.DLL Debug - DLL Windows SSPI - DLL WinIDN|Win32.ActiveCfg = Debug|Win32
		{BAE18598-7241-469B-AC9B-A4C1323DAD85}.DLL Debug - DLL Windows SSPI - DLL WinIDN|Win32.Build.0 = Debug|Win32
		{BAE18598-7241-469B-AC9B-A4C1323DAD85}.DLL Debug - DLL Windows SSPI - DLL WinIDN|x64.ActiveCfg = Debug|Win32
		{BAE18598-7241-469B-AC9B-A4C1323DAD85}.DLL Debug - DLL Windows SSPI|Win32.ActiveCfg = Debug|Win32
		{BAE18598-7241-469B-AC9B-A4C1323DAD85}.DLL Debug - DLL Windows SSPI|Win32.Build.0 = Debug|Win32
		{BAE18598-7241-469B-AC9B-A4C1323DAD85}.DLL Debug - DLL Windows SSPI|x64.ActiveCfg = Debug|Win32
		{BAE18598-7241-469B-AC9B-A4C1323DAD85}.DLL Debug|Win32.ActiveCfg = Debug|Win32
		{BAE18598-7241-469B-AC9B-A4C1323DAD85}.DLL Debug|Win32.Build.0 = Debug|Win32
		{BAE18598-7241-469B-AC9B-A4C1323DAD85}.DLL Debug|x64.ActiveCfg = Debug|Win32
		{BAE18598-7241-469B-AC9B-A4C1323DAD85}.DLL Release - DLL OpenSSL - DLL LibSSH2|Win32.ActiveCfg = Release|Win32
		{BAE18598-7241-469B-AC9B-A4C1323DAD85}.DLL Release - DLL OpenSSL - DLL LibSSH2|Win32.Build.0 = Release|Win32
		{BAE18598-7241-469B-AC9B-A4C1323DAD85}.DLL Release - DLL OpenSSL - DLL LibSSH2|x64.ActiveCfg = Release|Win32
		{BAE18598-7241-469B-AC9B-A4C1323DAD85}.DLL Release - DLL OpenSSL|Win32.ActiveCfg = Release|Win32
		{BAE18598-7241-469B-AC9B-A4C1323DAD85}.DLL Release - DLL OpenSSL|Win32.Build.0 = Release|Win32
		{BAE18598-7241-469B-AC9B-A4C1323DAD85}.DLL Release - DLL OpenSSL|x64.ActiveCfg = Release|Win32
		{BAE18598-7241-469B-AC9B-A4C1323DAD85}.DLL Release - DLL Windows SSPI - DLL WinIDN|Win32.ActiveCfg = Release|Win32
		{BAE18598-7241-469B-AC9B-A4C1323DAD85}.DLL Release - DLL Windows SSPI - DLL WinIDN|Win32.Build.0 = Release|Win32
		{BAE18598-7241-469B-AC9B-A4C1323DAD85}.DLL Release - DLL Windows SSPI - DLL WinIDN|x64.ActiveCfg = Release|Win32
		{BAE18598-7241-469B-AC9B-A4C1323DAD85}.DLL Release - DLL Windows SSPI|Win32.ActiveCfg = Release|Win32
		{BAE18598-7241-469B-AC9B-A4C1323DAD85}.DLL Release - DLL Windows SSPI|Win32.Build.0 = Release|Win32
		{BAE18598-7241-469B-AC9B-A4C1323DAD85}.DLL Release - DLL Windows SSPI|x64.ActiveCfg = Release|Win32
		{BAE18598-7241-469B-AC9B-A4C1323DAD85}.DLL Release|Win32.ActiveCfg = Release|Win32
		{BAE18598-7241-469B-AC9B-A4C1323DAD85}.DLL Release|Win32.Build.0 = Release|Win32
		{BAE18598-7241-469B-AC9B-A4C1323DAD85}.DLL Release|x64.ActiveCfg = Release|Win32
		{BAE18598-7241-469B-AC9B-A4C1323DAD85}.LIB Debug - DLL OpenSSL - DLL LibSSH2|Win32.ActiveCfg = Debug|Win32
		{BAE18598-7241-469B-AC9B-A4C1323DAD85}.LIB Debug - DLL OpenSSL - DLL LibSSH2|Win32.Build.0 = Debug|Win32
		{BAE18598-7241-469B-AC9B-A4C1323DAD85}.LIB Debug - DLL OpenSSL - DLL LibSSH2|x64.ActiveCfg = Debug|Win32
		{BAE18598-7241-469B-AC9B-A4C1323DAD85}.LIB Debug - DLL OpenSSL|Win32.ActiveCfg = Debug|Win32
		{BAE18598-7241-469B-AC9B-A4C1323DAD85}.LIB Debug - DLL OpenSSL|Win32.Build.0 = Debug|Win32
		{BAE18598-7241-469B-AC9B-A4C1323DAD85}.LIB Debug - DLL OpenSSL|x64.ActiveCfg = Debug|Win32
		{BAE18598-7241-469B-AC9B-A4C1323DAD85}.LIB Debug - DLL Windows SSPI - DLL WinIDN|Win32.ActiveCfg = Debug|Win32
		{BAE18598-7241-469B-AC9B-A4C1323DAD85}.LIB Debug - DLL Windows SSPI - DLL WinIDN|Win32.Build.0 = Debug|Win32
		{BAE18598-7241-469B-AC9B-A4C1323DAD85}.LIB Debug - DLL Windows SSPI - DLL WinIDN|x64.ActiveCfg = Debug|Win32
		{BAE18598-7241-469B-AC9B-A4C1323DAD85}.LIB Debug - DLL Windows SSPI|Win32.ActiveCfg = Debug|Win32
		{BAE18598-7241-469B-AC9B-A4C1323DAD85}.LIB Debug - DLL Windows SSPI|Win32.Build.0 = Debug|Win32
		{BAE18598-7241-469B-AC9B-A4C1323DAD85}.LIB Debug - DLL Windows SSPI|x64.ActiveCfg = Debug|Win32
		{BAE18598-7241-469B-AC9B-A4C1323DAD85}.LIB Debug - LIB OpenSSL - LIB LibSSH2|Win32.ActiveCfg = Debug|Win32
		{BAE18598-7241-469B-AC9B-A4C1323DAD85}.LIB Debug - LIB OpenSSL - LIB LibSSH2|Win32.Build.0 = Debug|Win32
		{BAE18598-7241-469B-AC9B-A4C1323DAD85}.LIB Debug - LIB OpenSSL - LIB LibSSH2|x64.ActiveCfg = Debug|Win32
		{BAE18598-7241-469B-AC9B-A4C1323DAD85}.LIB Debug - LIB OpenSSL|Win32.ActiveCfg = Debug|Win32
		{BAE18598-7241-469B-AC9B-A4C1323DAD85}.LIB Debug - LIB OpenSSL|Win32.Build.0 = Debug|Win32
		{BAE18598-7241-469B-AC9B-A4C1323DAD85}.LIB Debug - LIB OpenSSL|x64.ActiveCfg = Debug|Win32
		{BAE18598-7241-469B-AC9B-A4C1323DAD85}.LIB Debug|Win32.ActiveCfg = Debug|Win32
		{BAE18598-7241-469B-AC9B-A4C1323DAD85}.LIB Debug|Win32.Build.0 = Debug|Win32
		{BAE18598-7241-469B-AC9B-A4C1323DAD85}.LIB Debug|x64.ActiveCfg = Debug|Win32
		{BAE18598-7241-469B-AC9B-A4C1323DAD85}.LIB Release - DLL OpenSSL - DLL LibSSH2|Win32.ActiveCfg = Release|Win32
		{BAE18598-7241-469B-AC9B-A4C1323DAD85}.LIB Release - DLL OpenSSL - DLL LibSSH2|Win32.Build.0 = Release|Win32
		{BAE18598-7241-469B-AC9B-A4C1323DAD85}.LIB Release - DLL OpenSSL - DLL LibSSH2|x64.ActiveCfg = Release|Win32
		{BAE18598-7241-469B-AC9B-A4C1323DAD85}.LIB Release - DLL OpenSSL|Win32.ActiveCfg = Release|Win32
		{BAE18598-7241-469B-AC9B-A4C1323DAD85}.LIB Release - DLL OpenSSL|Win32.Build.0 = Release|Win32
		{BAE18598-7241-469B-AC9B-A4C1323DAD85}.LIB Release - DLL OpenSSL|x64.ActiveCfg = Release|Win32
		{BAE18598-7241-469B-AC9B-A4C1323DAD85}.LIB Release - DLL Windows SSPI - DLL WinIDN|Win32.ActiveCfg = Release|Win32
		{BAE18598-7241-469B-AC9B-A4C1323DAD85}.LIB Release - DLL Windows SSPI - DLL WinIDN|Win32.Build.0 = Release|Win32
		{BAE18598-7241-469B-AC9B-A4C1323DAD85}.LIB Release - DLL Windows SSPI - DLL WinIDN|x64.ActiveCfg = Release|Win32
		{BAE18598-7241-469B-AC9B-A4C1323DAD85}.LIB Release - DLL Windows SSPI|Win32.ActiveCfg = Release|Win32
		{BAE18598-7241-469B-AC9B-A4C1323DAD85}.LIB Release - DLL Windows SSPI|Win32.Build.0 = Release|Win32
		{BAE18598-7241-469B-AC9B-A4C1323DAD85}.LIB Release - DLL Windows SSPI|x64.ActiveCfg = Release|Win32
		{BAE18598-7241-469B-AC9B-A4C1323DAD85}.LIB Release - LIB OpenSSL - LIB LibSSH2|Win32.ActiveCfg = Release|Win32
		{BAE18598-7241-469B-AC9B-A4C1323DAD85}.LIB Release - LIB OpenSSL - LIB LibSSH2|Win32.Build.0 = Release|Win32
		{BAE18598-7241-469B-AC9B-A4C1323DAD85}.LIB Release - LIB OpenSSL - LIB LibSSH2|x64.ActiveCfg = Release|Win32
		{BAE18598-7241-469B-AC9B-A4C1323DAD85}.LIB Release - LIB OpenSSL|Win32.ActiveCfg = Release|Win32
		{BAE18598-7241-469B-AC9B-A4C1323DAD85}.LIB Release - LIB OpenSSL|Win32.Build.0 = Release|Win32
		{BAE18598-7241-469B-AC9B-A4C1323DAD85}.LIB Release - LIB OpenSSL|x64.ActiveCfg = Release|Win32
		{BAE18598-7241-469B-AC9B-A4C1323DAD85}.LIB Release|Win32.ActiveCfg = Release|Win32
		{BAE18598-7241-469B-AC9B-A4C1323DAD85}.LIB Release|Win32.Build.0 = Release|Win32
		{BAE18598-7241-469B-AC9B-A4C1323DAD85}.LIB Release|x64.ActiveCfg = Release|Win32
		{BAE18598-7241-469B-AC9B-A4C1323DAD85}.Release|Win32.ActiveCfg = Release|Win32
		{BAE18598-7241-469B-AC9B-A4C1323DAD85}.Release|Win32.Build.0 = Release|Win32
		{BAE18598-7241-469B-AC9B-A4C1323DAD85}.Release|x64.ActiveCfg = Release|Win32
		{DA6F56B4-06A4-441D-AD70-AC5A7D51FADB}.Debug|Win32.ActiveCfg = LIB Debug|Win32
		{DA6F56B4-06A4-441D-AD70-AC5A7D51FADB}.Debug|Win32.Build.0 = LIB Debug|Win32
		{DA6F56B4-06A4-441D-AD70-AC5A7D51FADB}.Debug|x64.ActiveCfg = LIB Debug|x64
		{DA6F56B4-06A4-441D-AD70-AC5A7D51FADB}.Debug|x64.Build.0 = LIB Debug|x64
		{DA6F56B4-06A4-441D-AD70-AC5A7D51FADB}.DLL Debug - DLL OpenSSL - DLL LibSSH2|Win32.ActiveCfg = DLL Debug - DLL OpenSSL - DLL LibSSH2|Win32
		{DA6F56B4-06A4-441D-AD70-AC5A7D51FADB}.DLL Debug - DLL OpenSSL - DLL LibSSH2|Win32.Build.0 = DLL Debug - DLL OpenSSL - DLL LibSSH2|Win32
		{DA6F56B4-06A4-441D-AD70-AC5A7D51FADB}.DLL Debug - DLL OpenSSL - DLL LibSSH2|x64.ActiveCfg = DLL Debug - DLL OpenSSL - DLL LibSSH2|x64
		{DA6F56B4-06A4-441D-AD70-AC5A7D51FADB}.DLL Debug - DLL OpenSSL - DLL LibSSH2|x64.Build.0 = DLL Debug - DLL OpenSSL - DLL LibSSH2|x64
		{DA6F56B4-06A4-441D-AD70-AC5A7D51FADB}.DLL Debug - DLL OpenSSL|Win32.ActiveCfg = DLL Debug - DLL OpenSSL|Win32
		{DA6F56B4-06A4-441D-AD70-AC5A7D51FADB}.DLL Debug - DLL OpenSSL|Win32.Build.0 = DLL Debug - DLL OpenSSL|Win32
		{DA6F56B4-06A4-441D-AD70-AC5A7D51FADB}.DLL Debug - DLL OpenSSL|x64.ActiveCfg = DLL Debug - DLL OpenSSL|x64
		{DA6F56B4-06A4-441D-AD70-AC5A7D51FADB}.DLL Debug - DLL OpenSSL|x64.Build.0 = DLL Debug - DLL OpenSSL|x64
		{DA6F56B4-06A4-441D-AD70-AC5A7D51FADB}.DLL Debug - DLL Windows SSPI - DLL WinIDN|Win32.ActiveCfg = DLL Debug - DLL Windows SSPI - DLL WinIDN|Win32
		{DA6F56B4-06A4-441D-AD70-AC5A7D51FADB}.DLL Debug - DLL Windows SSPI - DLL WinIDN|Win32.Build.0 = DLL Debug - DLL Windows SSPI - DLL WinIDN|Win32
		{DA6F56B4-06A4-441D-AD70-AC5A7D51FADB}.DLL Debug - DLL Windows SSPI - DLL WinIDN|x64.ActiveCfg = DLL Debug - DLL Windows SSPI - DLL WinIDN|x64
		{DA6F56B4-06A4-441D-AD70-AC5A7D51FADB}.DLL Debug - DLL Windows SSPI - DLL WinIDN|x64.Build.0 = DLL Debug - DLL Windows SSPI - DLL WinIDN|x64
		{DA6F56B4-06A4-441D-AD70-AC5A7D51FADB}.DLL Debug - DLL Windows SSPI|Win32.ActiveCfg = DLL Debug - DLL Windows SSPI|Win32
		{DA6F56B4-06A4-441D-AD70-AC5A7D51FADB}.DLL Debug - DLL Windows SSPI|Win32.Build.0 = DLL Debug - DLL Windows SSPI|Win32
		{DA6F56B4-06A4-441D-AD70-AC5A7D51FADB}.DLL Debug - DLL Windows SSPI|x64.ActiveCfg = DLL Debug - DLL Windows SSPI|x64
		{DA6F56B4-06A4-441D-AD70-AC5A7D51FADB}.DLL Debug - DLL Windows SSPI|x64.Build.0 = DLL Debug - DLL Windows SSPI|x64
		{DA6F56B4-06A4-441D-AD70-AC5A7D51FADB}.DLL Debug|Win32.ActiveCfg = DLL Debug|Win32
		{DA6F56B4-06A4-441D-AD70-AC5A7D51FADB}.DLL Debug|Win32.Build.0 = DLL Debug|Win32
		{DA6F56B4-06A4-441D-AD70-AC5A7D51FADB}.DLL Debug|x64.ActiveCfg = DLL Debug|x64
		{DA6F56B4-06A4-441D-AD70-AC5A7D51FADB}.DLL Debug|x64.Build.0 = DLL Debug|x64
		{DA6F56B4-06A4-441D-AD70-AC5A7D51FADB}.DLL Release - DLL OpenSSL - DLL LibSSH2|Win32.ActiveCfg = DLL Release - DLL OpenSSL - DLL LibSSH2|Win32
		{DA6F56B4-06A4-441D-AD70-AC5A7D51FADB}.DLL Release - DLL OpenSSL - DLL LibSSH2|Win32.Build.0 = DLL Release - DLL OpenSSL - DLL LibSSH2|Win32
		{DA6F56B4-06A4-441D-AD70-AC5A7D51FADB}.DLL Release - DLL OpenSSL - DLL LibSSH2|x64.ActiveCfg = DLL Release - DLL OpenSSL - DLL LibSSH2|x64
		{DA6F56B4-06A4-441D-AD70-AC5A7D51FADB}.DLL Release - DLL OpenSSL - DLL LibSSH2|x64.Build.0 = DLL Release - DLL OpenSSL - DLL LibSSH2|x64
		{DA6F56B4-06A4-441D-AD70-AC5A7D51FADB}.DLL Release - DLL OpenSSL|Win32.ActiveCfg = DLL Release - DLL OpenSSL|Win32
		{DA6F56B4-06A4-441D-AD70-AC5A7D51FADB}.DLL Release - DLL OpenSSL|Win32.Build.0 = DLL Release - DLL OpenSSL|Win32
		{DA6F56B4-06A4-441D-AD70-AC5A7D51FADB}.DLL Release - DLL OpenSSL|x64.ActiveCfg = DLL Release - DLL OpenSSL|x64
		{DA6F56B4-06A4-441D-AD70-AC5A7D51FADB}.DLL Release - DLL OpenSSL|x64.Build.0 = DLL Release - DLL OpenSSL|x64
		{DA6F56B4-06A4-441D-AD70-AC5A7D51FADB}.DLL Release - DLL Windows SSPI - DLL WinIDN|Win32.ActiveCfg = DLL Release - DLL Windows SSPI - DLL WinIDN|Win32
		{DA6F56B4-06A4-441D-AD70-AC5A7D51FADB}.DLL Release - DLL Windows SSPI - DLL WinIDN|Win32.Build.0 = DLL Release - DLL Windows SSPI - DLL WinIDN|Win32
		{DA6F56B4-06A4-441D-AD70-AC5A7D51FADB}.DLL Release - DLL Windows SSPI - DLL WinIDN|x64.ActiveCfg = DLL Release - DLL Windows SSPI - DLL WinIDN|x64
		{DA6F56B4-06A4-441D-AD70-AC5A7D51FADB}.DLL Release - DLL Windows SSPI - DLL WinIDN|x64.Build.0 = DLL Release - DLL Windows SSPI - DLL WinIDN|x64
		{DA6F56B4-06A4-441D-AD70-AC5A7D51FADB}.DLL Release - DLL Windows SSPI|Win32.ActiveCfg = DLL Release - DLL Windows SSPI|Win32
		{DA6F56B4-06A4-441D-AD70-AC5A7D51FADB}.DLL Release - DLL Windows SSPI|Win32.Build.0 = DLL Release - DLL Windows SSPI|Win32
		{DA6F56B4-06A4-441D-AD70-AC5A7D51FADB}.DLL Release - DLL Windows SSPI|x64.ActiveCfg = DLL Release - DLL Windows SSPI|x64
		{DA6F56B4-06A4-441D-AD70-AC5A7D51FADB}.DLL Release - DLL Windows SSPI|x64.Build.0 = DLL Release - DLL Windows SSPI|x64
		{DA6F56B4-06A4-441D-AD70-AC5A7D51FADB}.DLL Release|Win32.ActiveCfg = DLL Release|Win32
		{DA6F56B4-06A4-441D-AD70-AC5A7D51FADB}.DLL Release|Win32.Build.0 = DLL Release|Win32
		{DA6F56B4-06A4-441D-AD70-AC5A7D51FADB}.DLL Release|x64.ActiveCfg = DLL Release|x64
		{DA6F56B4-06A4-441D-AD70-AC5A7D51FADB}.DLL Release|x64.Build.0 = DLL Release|x64
		{DA6F56B4-06A4-441D-AD70-AC5A7D51FADB}.LIB Debug - DLL OpenSSL - DLL LibSSH2|Win32.ActiveCfg = LIB Debug - DLL OpenSSL - DLL LibSSH2|Win32
		{DA6F56B4-06A4-441D-AD70-AC5A7D51FADB}.LIB Debug - DLL OpenSSL - DLL LibSSH2|Win32.Build.0 = LIB Debug - DLL OpenSSL - DLL LibSSH2|Win32
		{DA6F56B4-06A4-441D-AD70-AC5A7D51FADB}.LIB Debug - DLL OpenSSL - DLL LibSSH2|x64.ActiveCfg = LIB Debug - DLL OpenSSL - DLL LibSSH2|x64
		{DA6F56B4-06A4-441D-AD70-AC5A7D51FADB}.LIB Debug - DLL OpenSSL - DLL LibSSH2|x64.Build.0 = LIB Debug - DLL OpenSSL - DLL LibSSH2|x64
		{DA6F56B4-06A4-441D-AD70-AC5A7D51FADB}.LIB Debug - DLL OpenSSL|Win32.ActiveCfg = LIB Debug - DLL OpenSSL|Win32
		{DA6F56B4-06A4-441D-AD70-AC5A7D51FADB}.LIB Debug - DLL OpenSSL|Win32.Build.0 = LIB Debug - DLL OpenSSL|Win32
		{DA6F56B4-06A4-441D-AD70-AC5A7D51FADB}.LIB Debug - DLL OpenSSL|x64.ActiveCfg = LIB Debug - DLL OpenSSL|x64
		{DA6F56B4-06A4-441D-AD70-AC5A7D51FADB}.LIB Debug - DLL OpenSSL|x64.Build.0 = LIB Debug - DLL OpenSSL|x64
		{DA6F56B4-06A4-441D-AD70-AC5A7D51FADB}.LIB Debug - DLL Windows SSPI - DLL WinIDN|Win32.ActiveCfg = LIB Debug - DLL Windows SSPI - DLL WinIDN|Win32
		{DA6F56B4-06A4-441D-AD70-AC5A7D51FADB}.LIB Debug - DLL Windows SSPI - DLL WinIDN|Win32.Build.0 = LIB Debug - DLL Windows SSPI - DLL WinIDN|Win32
		{DA6F56B4-06A4-441D-AD70-AC5A7D51FADB}.LIB Debug - DLL Windows SSPI - DLL WinIDN|x64.ActiveCfg = LIB Debug - DLL Windows SSPI - DLL WinIDN|x64
		{DA6F56B4-06A4-441D-AD70-AC5A7D51FADB}.LIB Debug - DLL Windows SSPI - DLL WinIDN|x64.Build.0 = LIB Debug - DLL Windows SSPI - DLL WinIDN|x64
		{DA6F56B4-06A4-441D-AD70-AC5A7D51FADB}.LIB Debug - DLL Windows SSPI|Win32.ActiveCfg = LIB Debug - DLL Windows SSPI|Win32
		{DA6F56B4-06A4-441D-AD70-AC5A7D51FADB}.LIB Debug - DLL Windows SSPI|Win32.Build.0 = LIB Debug - DLL Windows SSPI|Win32
		{DA6F56B4-06A4-441D-AD70-AC5A7D51FADB}.LIB Debug - DLL Windows SSPI|x64.ActiveCfg = LIB Debug - DLL Windows SSPI|x64
		{DA6F56B4-06A4-441D-AD70-AC5A7D51FADB}.LIB Debug - DLL Windows SSPI|x64.Build.0 = LIB Debug - DLL Windows SSPI|x64
		{DA6F56B4-06A4-441D-AD70-AC5A7D51FADB}.LIB Debug - LIB OpenSSL - LIB LibSSH2|Win32.ActiveCfg = LIB Debug - LIB OpenSSL - LIB LibSSH2|Win32
		{DA6F56B4-06A4-441D-AD70-AC5A7D51FADB}.LIB Debug - LIB OpenSSL - LIB LibSSH2|Win32.Build.0 = LIB Debug - LIB OpenSSL - LIB LibSSH2|Win32
		{DA6F56B4-06A4-441D-AD70-AC5A7D51FADB}.LIB Debug - LIB OpenSSL - LIB LibSSH2|x64.ActiveCfg = LIB Debug - LIB OpenSSL - LIB LibSSH2|x64
		{DA6F56B4-06A4-441D-AD70-AC5A7D51FADB}.LIB Debug - LIB OpenSSL - LIB LibSSH2|x64.Build.0 = LIB Debug - LIB OpenSSL - LIB LibSSH2|x64
		{DA6F56B4-06A4-441D-AD70-AC5A7D51FADB}.LIB Debug - LIB OpenSSL|Win32.ActiveCfg = LIB Debug - LIB OpenSSL|Win32
		{DA6F56B4-06A4-441D-AD70-AC5A7D51FADB}.LIB Debug - LIB OpenSSL|Win32.Build.0 = LIB Debug - LIB OpenSSL|Win32
		{DA6F56B4-06A4-441D-AD70-AC5A7D51FADB}.LIB Debug - LIB OpenSSL|x64.ActiveCfg = LIB Debug - LIB OpenSSL|x64
		{DA6F56B4-06A4-441D-AD70-AC5A7D51FADB}.LIB Debug - LIB OpenSSL|x64.Build.0 = LIB Debug - LIB OpenSSL|x64
		{DA6F56B4-06A4-441D-AD70-AC5A7D51FADB}.LIB Debug|Win32.ActiveCfg = LIB Debug|Win32
		{DA6F56B4-06A4-441D-AD70-AC5A7D51FADB}.LIB Debug|Win32.Build.0 = LIB Debug|Win32
		{DA6F56B4-06A4-441D-AD70-AC5A7D51FADB}.LIB Debug|x64.ActiveCfg = LIB Debug|x64
		{DA6F56B4-06A4-441D-AD70-AC5A7D51FADB}.LIB Debug|x64.Build.0 = LIB Debug|x64
		{DA6F56B4-06A4-441D-AD70-AC5A7D51FADB}.LIB Release - DLL OpenSSL - DLL LibSSH2|Win32.ActiveCfg = LIB Release - DLL OpenSSL - DLL LibSSH2|Win32
		{DA6F56B4-06A4-441D-AD70-AC5A7D51FADB}.LIB Release - DLL OpenSSL - DLL LibSSH2|Win32.Build.0 = LIB Release - DLL OpenSSL - DLL LibSSH2|Win32
		{DA6F56B4-06A4-441D-AD70-AC5A7D51FADB}.LIB Release - DLL OpenSSL - DLL LibSSH2|x64.ActiveCfg = LIB Release - DLL OpenSSL - DLL LibSSH2|x64
		{DA6F56B4-06A4-441D-AD70-AC5A7D51FADB}.LIB Release - DLL OpenSSL - DLL LibSSH2|x64.Build.0 = LIB Release - DLL OpenSSL - DLL LibSSH2|x64
		{DA6F56B4-06A4-441D-AD70-AC5A7D51FADB}.LIB Release - DLL OpenSSL|Win32.ActiveCfg = LIB Release - DLL OpenSSL|Win32
		{DA6F56B4-06A4-441D-AD70-AC5A7D51FADB}.LIB Release - DLL OpenSSL|Win32.Build.0 = LIB Release - DLL OpenSSL|Win32
		{DA6F56B4-06A4-441D-AD70-AC5A7D51FADB}.LIB Release - DLL OpenSSL|x64.ActiveCfg = LIB Release - DLL OpenSSL|x64
		{DA6F56B4-06A4-441D-AD70-AC5A7D51FADB}.LIB Release - DLL OpenSSL|x64.Build.0 = LIB Release - DLL OpenSSL|x64
		{DA6F56B4-06A4-441D-AD70-AC5A7D51FADB}.LIB Release - DLL Windows SSPI - DLL WinIDN|Win32.ActiveCfg = LIB Release - DLL Windows SSPI - DLL WinIDN|Win32
		{DA6F56B4-06A4-441D-AD70-AC5A7D51FADB}.LIB Release - DLL Windows SSPI - DLL WinIDN|Win32.Build.0 = LIB Release - DLL Windows SSPI - DLL WinIDN|Win32
		{DA6F56B4-06A4-441D-AD70-AC5A7D51FADB}.LIB Release - DLL Windows SSPI - DLL WinIDN|x64.ActiveCfg = LIB Release - DLL Windows SSPI - DLL WinIDN|x64
		{DA6F56B4-06A4-441D-AD70-AC5A7D51FADB}.LIB Release - DLL Windows SSPI - DLL WinIDN|x64.Build.0 = LIB Release - DLL Windows SSPI - DLL WinIDN|x64
		{DA6F56B4-06A4-441D-AD70-AC5A7D51FADB}.LIB Release - DLL Windows SSPI|Win32.ActiveCfg = LIB Release - DLL Windows SSPI|Win32
		{DA6F56B4-06A4-441D-AD70-AC5A7D51FADB}.LIB Release - DLL Windows SSPI|Win32.Build.0 = LIB Release - DLL Windows SSPI|Win32
		{DA6F56B4-06A4-441D-AD70-AC5A7D51FADB}.LIB Release - DLL Windows SSPI|x64.ActiveCfg = LIB Release - DLL Windows SSPI|x64
		{DA6F56B4-06A4-441D-AD70-AC5A7D51FADB}.LIB Release - DLL Windows SSPI|x64.Build.0 = LIB Release - DLL Windows SSPI|x64
		{DA6F56B4-06A4-441D-AD70-AC5A7D51FADB}.LIB Release - LIB OpenSSL - LIB LibSSH2|Win32.ActiveCfg = LIB Release - LIB OpenSSL - LIB LibSSH2|Win32
		{DA6F56B4-06A4-441D-AD70-AC5A7D51FADB}.LIB Release - LIB OpenSSL - LIB LibSSH2|Win32.Build.0 = LIB Release - LIB OpenSSL - LIB LibSSH2|Win32
		{DA6F56B4-06A4-441D-AD70-AC5A7D51FADB}.LIB Release - LIB OpenSSL - LIB LibSSH2|x64.ActiveCfg = LIB Release - LIB OpenSSL - LIB LibSSH2|x64
		{DA6F56B4-06A4-441D-AD70-AC5A7D51FADB}.LIB Release - LIB OpenSSL - LIB LibSSH2|x64.Build.0 = LIB Release - LIB OpenSSL - LIB LibSSH2|x64
		{DA6F56B4-06A4-441D-AD70-AC5A7D51FADB}.LIB Release - LIB OpenSSL|Win32.ActiveCfg = LIB Release - LIB OpenSSL|Win32
		{DA6F56B4-06A4-441D-AD70-AC5A7D51FADB}.LIB Release - LIB OpenSSL|Win32.Build.0 = LIB Release - LIB OpenSSL|Win32
		{DA6F56B4-06A4-441D-AD70-AC5A7D51FADB}.LIB Release - LIB OpenSSL|x64.ActiveCfg = LIB Release - LIB OpenSSL|x64
		{DA6F56B4-06A4-441D-AD70-AC5A7D51FADB}.LIB Release - LIB OpenSSL|x64.Build.0 = LIB Release - LIB OpenSSL|x64
		{DA6F56B4-06A4-441D-AD70-AC5A7D51FADB}.LIB Release|Win32.ActiveCfg = LIB Release|Win32
		{DA6F56B4-06A4-441D-AD70-AC5A7D51FADB}.LIB Release|Win32.Build.0 = LIB Release|Win32
		{DA6F56B4-06A4-441D-AD70-AC5A7D51FADB}.LIB Release|x64.ActiveCfg = LIB Release|x64
		{DA6F56B4-06A4-441D-AD70-AC5A7D51FADB}.LIB Release|x64.Build.0 = LIB Release|x64
		{DA6F56B4-06A4-441D-AD70-AC5A7D51FADB}.Release|Win32.ActiveCfg = LIB Release - LIB OpenSSL - LIB LibSSH2|Win32
		{DA6F56B4-06A4-441D-AD70-AC5A7D51FADB}.Release|Win32.Build.0 = LIB Release - LIB OpenSSL - LIB LibSSH2|Win32
		{DA6F56B4-06A4-441D-AD70-AC5A7D51FADB}.Release|x64.ActiveCfg = LIB Release - LIB OpenSSL - LIB LibSSH2|x64
		{DA6F56B4-06A4-441D-AD70-AC5A7D51FADB}.Release|x64.Build.0 = LIB Release - LIB OpenSSL - LIB LibSSH2|x64
		{F25447CC-3057-4D5B-8562-2008A9A2BBE9}.Debug|Win32.ActiveCfg = Debug|Win32
		{F25447CC-3057-4D5B-8562-2008A9A2BBE9}.Debug|Win32.Build.0 = Debug|Win32
		{F25447CC-3057-4D5B-8562-2008A9A2BBE9}.Debug|x64.ActiveCfg = Debug|Win32
		{F25447CC-3057-4D5B-8562-2008A9A2BBE9}.DLL Debug - DLL OpenSSL - DLL LibSSH2|Win32.ActiveCfg = Debug|Win32
		{F25447CC-3057-4D5B-8562-2008A9A2BBE9}.DLL Debug - DLL OpenSSL - DLL LibSSH2|Win32.Build.0 = Debug|Win32
		{F25447CC-3057-4D5B-8562-2008A9A2BBE9}.DLL Debug - DLL OpenSSL - DLL LibSSH2|x64.ActiveCfg = Debug|Win32
		{F25447CC-3057-4D5B-8562-2008A9A2BBE9}.DLL Debug - DLL OpenSSL|Win32.ActiveCfg = Debug|Win32
		{F25447CC-3057-4D5B-8562-2008A9A2BBE9}.DLL Debug - DLL OpenSSL|Win32.Build.0 = Debug|Win32
		{F25447CC-3057-4D5B-8562-2008A9A2BBE9}.DLL Debug - DLL OpenSSL|x64.ActiveCfg = Debug|Win32
		{F25447CC-3057-4D5B-8562-2008A9A2BBE9}.DLL Debug - DLL Windows SSPI - DLL WinIDN|Win32.ActiveCfg = Debug|Win32
		{F25447CC-3057-4D5B-8562-2008A9A2BBE9}.DLL Debug - DLL Windows SSPI - DLL WinIDN|Win32.Build.0 = Debug|Win32
		{F25447CC-3057-4D5B-8562-2008A9A2BBE9}.DLL Debug - DLL Windows SSPI - DLL WinIDN|x64.ActiveCfg = Debug|Win32
		{F25447CC-3057-4D5B-8562-2008A9A2BBE9}.DLL Debug - DLL Windows SSPI|Win32.ActiveCfg = Debug|Win32
		{F25447CC-3057-4D5B-8562-2008A9A2BBE9}.DLL Debug - DLL Windows SSPI|Win32.Build.0 = Debug|Win32
		{F25447CC-3057-4D5B-8562-2008A9A2BBE9}.DLL Debug - DLL Windows SSPI|x64.ActiveCfg = Debug|Win32
		{F25447CC-3057-4D5B-8562-2008A9A2BBE9}.DLL Debug|Win32.ActiveCfg = Debug|Win32
		{F25447CC-3057-4D5B-8562-2008A9A2BBE9}.DLL Debug|Win32.Build.0 = Debug|Win32
		{F25447CC-3057-4D5B-8562-2008A9A2BBE9}.DLL Debug|x64.ActiveCfg = Debug|Win32
		{F25447CC-3057-4D5B-8562-2008A9A2BBE9}.DLL Release - DLL OpenSSL - DLL LibSSH2|Win32.ActiveCfg = Release|Win32
		{F25447CC-3057-4D5B-8562-2008A9A2BBE9}.DLL Release - DLL OpenSSL - DLL LibSSH2|Win32.Build.0 = Release|Win32
		{F25447CC-3057-4D5B-8562-2008A9A2BBE9}.DLL Release - DLL OpenSSL - DLL LibSSH2|x64.ActiveCfg = Release|Win32
		{F25447CC-3057-4D5B-8562-2008A9A2BBE9}.DLL Release - DLL OpenSSL|Win32.ActiveCfg = Release|Win32
		{F25447CC-3057-4D5B-8562-2008A9A2BBE9}.DLL Release - DLL OpenSSL|Win32.Build.0 = Release|Win32
		{F25447CC-3057-4D5B-8562-2008A9A2BBE9}.DLL Release - DLL OpenSSL|x64.ActiveCfg = Release|Win32
		{F25447CC-3057-4D5B-8562-2008A9A2BBE9}.DLL Release - DLL Windows SSPI - DLL WinIDN|Win32.ActiveCfg = Release|Win32
		{F25447CC-3057-4D5B-8562-2008A9A2BBE9}.DLL Release - DLL Windows SSPI - DLL WinIDN|Win32.Build.0 = Release|Win32
		{F25447CC-3057-4D5B-8562-2008A9A2BBE9}.DLL Release - DLL Windows SSPI - DLL WinIDN|x64.ActiveCfg = Release|Win32
		{F25447CC-3057-4D5B-8562-2008A9A2BBE9}.DLL Release - DLL Windows SSPI|Win32.ActiveCfg = Release|Win32
		{F25447CC-3057-4D5B-8562-2008A9A2BBE9}.DLL Release - DLL Windows SSPI|Win32.Build.0 = Release|Win32
		{F25447CC-3057-4D5B-8562-2008A9A2BBE9}.DLL Release - DLL Windows SSPI|x64.ActiveCfg = Release|Win32
		{F25447CC-3057-4D5B-8562-2008A9A2BBE9}.DLL Release|Win32.ActiveCfg = Release|Win32
		{F25447CC-3057-4D5B-8562-2008A9A2BBE9}.DLL Release|Win32.Build.0 = Release|Win32
		{F25447CC-3057-4D5B-8562-2008A9A2BBE9}.DLL Release|x64.ActiveCfg = Release|Win32
		{F25447CC-3057-4D5B-8562-2008A9A2BBE9}.LIB Debug - DLL OpenSSL - DLL LibSSH2|Win32.ActiveCfg = Debug|Win32
		{F25447CC-3057-4D5B-8562-2008A9A2BBE9}.LIB Debug - DLL OpenSSL - DLL LibSSH2|Win32.Build.0 = Debug|Win32
		{F25447CC-3057-4D5B-8562-2008A9A2BBE9}.LIB Debug - DLL OpenSSL - DLL LibSSH2|x64.ActiveCfg = Debug|Win32
		{F25447CC-3057-4D5B-8562-2008A9A2BBE9}.LIB Debug - DLL OpenSSL|Win32.ActiveCfg = Debug|Win32
		{F25447CC-3057-4D5B-8562-2008A9A2BBE9}.LIB Debug - DLL OpenSSL|Win32.Build.0 = Debug|Win32
		{F25447CC-3057-4D5B-8562-2008A9A2BBE9}.LIB Debug - DLL OpenSSL|x64.ActiveCfg = Debug|Win32
		{F25447CC-3057-4D5B-8562-2008A9A2BBE9}.LIB Debug - DLL Windows SSPI - DLL WinIDN|Win32.ActiveCfg = Debug|Win32
		{F25447CC-3057-4D5B-8562-2008A9A2BBE9}.LIB Debug - DLL Windows SSPI - DLL WinIDN|Win32.Build.0 = Debug|Win32
		{F25447CC-3057-4D5B-8562-2008A9A2BBE9}.LIB Debug - DLL Windows SSPI - DLL WinIDN|x64.ActiveCfg = Debug|Win32
		{F25447CC-3057-4D5B-8562-2008A9A2BBE9}.LIB Debug - DLL Windows SSPI|Win32.ActiveCfg = Debug|Win32
		{F25447CC-3057-4D5B-8562-2008A9A2BBE9}.LIB Debug - DLL Windows SSPI|Win32.Build.0 = Debug|Win32
		{F25447CC-3057-4D5B-8562-2008A9A2BBE9}.LIB Debug - DLL Windows SSPI|x64.ActiveCfg = Debug|Win32
		{F25447CC-3057-4D5B-8562-2008A9A2BBE9}.LIB Debug - LIB OpenSSL - LIB LibSSH2|Win32.ActiveCfg = Debug|Win32
		{F25447CC-3057-4D5B-8562-2008A9A2BBE9}.LIB Debug - LIB OpenSSL - LIB LibSSH2|Win32.Build.0 = Debug|Win32
		{F25447CC-3057-4D5B-8562-2008A9A2BBE9}.LIB Debug - LIB OpenSSL - LIB LibSSH2|x64.ActiveCfg = Debug|Win32
		{F25447CC-3057-4D5B-8562-2008A9A2BBE9}.LIB Debug - LIB OpenSSL|Win32.ActiveCfg = Debug|Win32
		{F25447CC-3057-4D5B-8562-2008A9A2BBE9}.LIB Debug - LIB OpenSSL|Win32.Build.0 = Debug|Win32
		{F25447CC-3057-4D5B-8562-2008A9A2BBE9}.LIB Debug - LIB OpenSSL|x64.ActiveCfg = Debug|Win32
		{F25447CC-3057-4D5B-8562-2008A9A2BBE9}.LIB Debug|Win32.ActiveCfg = Debug|Win32
		{F25447CC-3057-4D5B-8562-2008A9A2BBE9}.LIB Debug|Win32.Build.0 = Debug|Win32
		{F25447CC-3057-4D5B-8562-2008A9A2BBE9}.LIB Debug|x64.ActiveCfg = Debug|Win32
		{F25447CC-3057-4D5B-8562-2008A9A2BBE9}.LIB Release - DLL OpenSSL - DLL LibSSH2|Win32.ActiveCfg = Release|Win32
		{F25447CC-3057-4D5B-8562-2008A9A2BBE9}.LIB Release - DLL OpenSSL - DLL LibSSH2|Win32.Build.0 = Release|Win32
		{F25447CC-3057-4D5B-8562-2008A9A2BBE9}.LIB Release - DLL OpenSSL - DLL LibSSH2|x64.ActiveCfg = Release|Win32
		{F25447CC-3057-4D5B-8562-2008A9A2BBE9}.LIB Release - DLL OpenSSL|Win32.ActiveCfg = Release|Win32
		{F25447CC-3057-4D5B-8562-2008A9A2BBE9}.LIB Release - DLL OpenSSL|Win32.Build.0 = Release|Win32
		{F25447CC-3057-4D5B-8562-2008A9A2BBE9}.LIB Release - DLL OpenSSL|x64.ActiveCfg = Release|Win32
		{F25447CC-3057-4D5B-8562-2008A9A2BBE9}.LIB Release - DLL Windows SSPI - DLL WinIDN|Win32.ActiveCfg = Release|Win32
		{F25447CC-3057-4D5B-8562-2008A9A2BBE9}.LIB Release - DLL Windows SSPI - DLL WinIDN|Win32.Build.0 = Release|Win32
		{F25447CC-3057-4D5B-8562-2008A9A2BBE9}.LIB Release - DLL Windows SSPI - DLL WinIDN|x64.ActiveCfg = Release|Win32
		{F25447CC-3057-4D5B-8562-2008A9A2BBE9}.LIB Release - DLL Windows SSPI|Win32.ActiveCfg = Release|Win32
		{F25447CC-3057-4D5B-8562-2008A9A2BBE9}.LIB Release - DLL Windows SSPI|Win32.Build.0 = Release|Win32
		{F25447CC-3057-4D5B-8562-2008A9A2BBE9}.LIB Release - DLL Windows SSPI|x64.ActiveCfg = Release|Win32
		{F25447CC-3057-4D5B-8562-2008A9A2BBE9}.LIB Release - LIB OpenSSL - LIB LibSSH2|Win32.ActiveCfg = Release|Win32
		{F25447CC-3057-4D5B-8562-2008A9A2BBE9}.LIB Release - LIB OpenSSL - LIB LibSSH2|Win32.Build.0 = Release|Win32
		{F25447CC-3057-4D5B-8562-2008A9A2BBE9}.LIB Release - LIB OpenSSL - LIB LibSSH2|x64.ActiveCfg = Release|Win32
		{F25447CC-3057-4D5B-8562-2008A9A2BBE9}.LIB Release - LIB OpenSSL|Win32.ActiveCfg = Release|Win32
		{F25447CC-3057-4D5B-8562-2008A9A2BBE9}.LIB Release - LIB OpenSSL|Win32.Build.0 = Release|Win32
		{F25447CC-3057-4D5B-8562-2008A9A2BBE9}.LIB Release - LIB OpenSSL|x64.ActiveCfg = Release|Win32
		{F25447CC-3057-4D5B-8562-2008A9A2BBE9}.LIB Release|Win32.ActiveCfg = Release|Win32
		{F25447CC-3057-4D5B-8562-2008A9A2BBE9}.LIB Release|Win32.Build.0 = Release|Win32
		{F25447CC-3057-4D5B-8562-2008A9A2BBE9}.LIB Release|x64.ActiveCfg = Release|Win32
		{F25447CC-3057-4D5B-8562-2008A9A2BBE9}.Release|Win32.ActiveCfg = Release|Win32
		{F25447CC-3057-4D5B-8562-2008A9A2BBE9}.Release|Win32.Build.0 = Release|Win32
		{F25447CC-3057-4D5B-8562-2008A9A2BBE9}.Release|x64.ActiveCfg = Release|Win32
	EndGlobalSection
	GlobalSection(SolutionProperties) = preSolution
		HideSolutionNode = FALSE
	EndGlobalSection
	GlobalSection(NestedProjects) = preSolution
		{BAE18598-7241-469B-AC9B-A4C1323DAD85} = {3CF49013-3F64-4BA5-B82B-063CCDC89EDA}
		{D1E64CBA-3701-4164-84AD-D26EDE2CDE97} = {3CF49013-3F64-4BA5-B82B-063CCDC89EDA}
		{DA6F56B4-06A4-441D-AD70-AC5A7D51FADB} = {3CF49013-3F64-4BA5-B82B-063CCDC89EDA}
		{F25447CC-3057-4D5B-8562-2008A9A2BBE9} = {3CF49013-3F64-4BA5-B82B-063CCDC89EDA}
	EndGlobalSection
EndGlobal
